
Microsoft Visual Studio Solution File, Format Version 12.00
# Visual Studio Version 17
VisualStudioVersion = 17.0.31903.59
MinimumVisualStudioVersion = 10.0.40219.1
Project("{FAE04EC0-301F-11D3-BF4B-00C04F79EFBC}") = "ShapeCalculator", "ShapeCalculator\ShapeCalculator.csproj", "{B02E2DE3-E4E4-4E41-A0B4-1386D1398D27}"
EndProject
Global
	GlobalSection(SolutionConfigurationPlatforms) = preSolution
		Debug|Any CPU = Debug|Any CPU
		Release|Any CPU = Release|Any CPU
	EndGlobalSection
	GlobalSection(SolutionProperties) = preSolution
		HideSolutionNode = FALSE
	EndGlobalSection
	GlobalSection(ProjectConfigurationPlatforms) = postSolution
		{B02E2DE3-E4E4-4E41-A0B4-1386D1398D27}.Debug|Any CPU.ActiveCfg = Debug|Any CPU
		{B02E2DE3-E4E4-4E41-A0B4-1386D1398D27}.Debug|Any CPU.Build.0 = Debug|Any CPU
		{B02E2DE3-E4E4-4E41-A0B4-1386D1398D27}.Release|Any CPU.ActiveCfg = Release|Any CPU
		{B02E2DE3-E4E4-4E41-A0B4-1386D1398D27}.Release|Any CPU.Build.0 = Release|Any CPU
	EndGlobalSection
EndGlobal
